
Microsoft Visual Studio Solution File, Format Version 12.00
# Visual Studio Version 17
VisualStudioVersion = 17.4.32804.182
MinimumVisualStudioVersion = 10.0.40219.1
Project("{2150E333-8FDC-42A3-9474-1A3956D46DE8}") = "Mod", "Mod", "{8CC940C4-5A09-4485-B6A9-AECD74536CD1}"
EndProject
Project("{2150E333-8FDC-42A3-9474-1A3956D46DE8}") = "Launcher", "Launcher", "{07BA249A-0514-4379-92D3-F00C7FD02B7D}"
EndProject
Project("{2150E333-8FDC-42A3-9474-1A3956D46DE8}") = "Documentation", "Documentation", "{820A8428-C23A-489C-A3B7-7FB3C9F57547}"
	ProjectSection(SolutionItems) = preProject
		docs\LICENCE.md = docs\LICENCE.md
		docs\README.md = docs\README.md
	EndProjectSection
EndProject
Project("{9A19103F-16F7-4668-BE54-9A1E7A4F7556}") = "Knapster", "src\Knapster\Knapster.csproj", "{998004B7-BD2C-4BA2-AFA0-CA026DCA49B1}"
EndProject
Project("{2150E333-8FDC-42A3-9474-1A3956D46DE8}") = "Build", "Build", "{6CE6BFD0-709A-4E63-B62F-BCE6A019A601}"
	ProjectSection(SolutionItems) = preProject
		src\Directory.Build.props = src\Directory.Build.props
		src\Directory.Build.targets = src\Directory.Build.targets
	EndProjectSection
EndProject
Project("{2150E333-8FDC-42A3-9474-1A3956D46DE8}") = "Gantry", "Gantry", "{07BB7BEC-6D2B-472F-8575-104B209EB1DA}"
EndProject
Project("{9A19103F-16F7-4668-BE54-9A1E7A4F7556}") = "Gantry", "..\..\..\Gantry\src\Gantry\Gantry.csproj", "{FA117C45-9B85-4C50-9D7D-E794306F03BD}"
EndProject
Project("{9A19103F-16F7-4668-BE54-9A1E7A4F7556}") = "ClientLauncher", "..\..\..\CoreClrLauncher\src\ClientLauncher\ClientLauncher.csproj", "{810BC9E8-F19A-45EA-8C3A-55BB3859F064}"
	ProjectSection(ProjectDependencies) = postProject
		{998004B7-BD2C-4BA2-AFA0-CA026DCA49B1} = {998004B7-BD2C-4BA2-AFA0-CA026DCA49B1}
	EndProjectSection
EndProject
Project("{2150E333-8FDC-42A3-9474-1A3956D46DE8}") = "Build", "Build", "{0BB53066-B8A1-4171-88C3-852E036D8F03}"
	ProjectSection(SolutionItems) = preProject
		..\..\..\Gantry\src\Directory.Build.props = ..\..\..\Gantry\src\Directory.Build.props
		..\..\..\Gantry\src\Directory.Build.targets = ..\..\..\Gantry\src\Directory.Build.targets
		..\..\..\Gantry\src\Directory.Packages.props = ..\..\..\Gantry\src\Directory.Packages.props
	EndProjectSection
EndProject
Project("{9A19103F-16F7-4668-BE54-9A1E7A4F7556}") = "ServerLauncher", "..\..\..\CoreClrLauncher\src\ServerLauncher\ServerLauncher.csproj", "{203C366C-79A7-4844-B562-ADED19746989}"
	ProjectSection(ProjectDependencies) = postProject
		{998004B7-BD2C-4BA2-AFA0-CA026DCA49B1} = {998004B7-BD2C-4BA2-AFA0-CA026DCA49B1}
	EndProjectSection
EndProject
Project("{9A19103F-16F7-4668-BE54-9A1E7A4F7556}") = "ClientLauncherCA", "..\..\..\CoreClrLauncher\src\ClientLauncherCA\ClientLauncherCA.csproj", "{32B45008-D50B-468A-A116-D85411CD0460}"
EndProject
Global
	GlobalSection(SolutionConfigurationPlatforms) = preSolution
		Debug|Any CPU = Debug|Any CPU
		Launch Server|Any CPU = Launch Server|Any CPU
		Package|Any CPU = Package|Any CPU
		Release|Any CPU = Release|Any CPU
		Unit Test|Any CPU = Unit Test|Any CPU
	EndGlobalSection
	GlobalSection(ProjectConfigurationPlatforms) = postSolution
		{998004B7-BD2C-4BA2-AFA0-CA026DCA49B1}.Debug|Any CPU.ActiveCfg = Debug|Any CPU
		{998004B7-BD2C-4BA2-AFA0-CA026DCA49B1}.Debug|Any CPU.Build.0 = Debug|Any CPU
		{998004B7-BD2C-4BA2-AFA0-CA026DCA49B1}.Launch Server|Any CPU.ActiveCfg = Debug|Any CPU
		{998004B7-BD2C-4BA2-AFA0-CA026DCA49B1}.Launch Server|Any CPU.Build.0 = Debug|Any CPU
		{998004B7-BD2C-4BA2-AFA0-CA026DCA49B1}.Package|Any CPU.ActiveCfg = Package|Any CPU
		{998004B7-BD2C-4BA2-AFA0-CA026DCA49B1}.Package|Any CPU.Build.0 = Package|Any CPU
		{998004B7-BD2C-4BA2-AFA0-CA026DCA49B1}.Release|Any CPU.ActiveCfg = Release|Any CPU
		{998004B7-BD2C-4BA2-AFA0-CA026DCA49B1}.Release|Any CPU.Build.0 = Release|Any CPU
		{998004B7-BD2C-4BA2-AFA0-CA026DCA49B1}.Unit Test|Any CPU.ActiveCfg = Debug|Any CPU
		{998004B7-BD2C-4BA2-AFA0-CA026DCA49B1}.Unit Test|Any CPU.Build.0 = Debug|Any CPU
		{FA117C45-9B85-4C50-9D7D-E794306F03BD}.Debug|Any CPU.ActiveCfg = Debug|Any CPU
		{FA117C45-9B85-4C50-9D7D-E794306F03BD}.Debug|Any CPU.Build.0 = Debug|Any CPU
		{FA117C45-9B85-4C50-9D7D-E794306F03BD}.Launch Server|Any CPU.ActiveCfg = Debug|Any CPU
		{FA117C45-9B85-4C50-9D7D-E794306F03BD}.Launch Server|Any CPU.Build.0 = Debug|Any CPU
		{FA117C45-9B85-4C50-9D7D-E794306F03BD}.Package|Any CPU.ActiveCfg = Package|Any CPU
		{FA117C45-9B85-4C50-9D7D-E794306F03BD}.Package|Any CPU.Build.0 = Package|Any CPU
		{FA117C45-9B85-4C50-9D7D-E794306F03BD}.Release|Any CPU.ActiveCfg = Release|Any CPU
		{FA117C45-9B85-4C50-9D7D-E794306F03BD}.Release|Any CPU.Build.0 = Release|Any CPU
		{FA117C45-9B85-4C50-9D7D-E794306F03BD}.Unit Test|Any CPU.ActiveCfg = Debug|Any CPU
		{FA117C45-9B85-4C50-9D7D-E794306F03BD}.Unit Test|Any CPU.Build.0 = Debug|Any CPU
		{810BC9E8-F19A-45EA-8C3A-55BB3859F064}.Debug|Any CPU.ActiveCfg = Debug|Any CPU
		{810BC9E8-F19A-45EA-8C3A-55BB3859F064}.Debug|Any CPU.Build.0 = Debug|Any CPU
		{810BC9E8-F19A-45EA-8C3A-55BB3859F064}.Launch Server|Any CPU.ActiveCfg = Debug|Any CPU
		{810BC9E8-F19A-45EA-8C3A-55BB3859F064}.Launch Server|Any CPU.Build.0 = Debug|Any CPU
		{810BC9E8-F19A-45EA-8C3A-55BB3859F064}.Package|Any CPU.ActiveCfg = Package|Any CPU
		{810BC9E8-F19A-45EA-8C3A-55BB3859F064}.Package|Any CPU.Build.0 = Package|Any CPU
		{810BC9E8-F19A-45EA-8C3A-55BB3859F064}.Release|Any CPU.ActiveCfg = Release|Any CPU
		{810BC9E8-F19A-45EA-8C3A-55BB3859F064}.Release|Any CPU.Build.0 = Release|Any CPU
		{810BC9E8-F19A-45EA-8C3A-55BB3859F064}.Unit Test|Any CPU.ActiveCfg = Debug|Any CPU
		{810BC9E8-F19A-45EA-8C3A-55BB3859F064}.Unit Test|Any CPU.Build.0 = Debug|Any CPU
		{203C366C-79A7-4844-B562-ADED19746989}.Debug|Any CPU.ActiveCfg = Debug|Any CPU
		{203C366C-79A7-4844-B562-ADED19746989}.Debug|Any CPU.Build.0 = Debug|Any CPU
		{203C366C-79A7-4844-B562-ADED19746989}.Launch Server|Any CPU.ActiveCfg = Debug|Any CPU
		{203C366C-79A7-4844-B562-ADED19746989}.Launch Server|Any CPU.Build.0 = Debug|Any CPU
		{203C366C-79A7-4844-B562-ADED19746989}.Package|Any CPU.ActiveCfg = Package|Any CPU
		{203C366C-79A7-4844-B562-ADED19746989}.Package|Any CPU.Build.0 = Package|Any CPU
		{203C366C-79A7-4844-B562-ADED19746989}.Release|Any CPU.ActiveCfg = Release|Any CPU
		{203C366C-79A7-4844-B562-ADED19746989}.Release|Any CPU.Build.0 = Release|Any CPU
		{203C366C-79A7-4844-B562-ADED19746989}.Unit Test|Any CPU.ActiveCfg = Debug|Any CPU
		{203C366C-79A7-4844-B562-ADED19746989}.Unit Test|Any CPU.Build.0 = Debug|Any CPU
		{32B45008-D50B-468A-A116-D85411CD0460}.Debug|Any CPU.ActiveCfg = Debug|Any CPU
		{32B45008-D50B-468A-A116-D85411CD0460}.Debug|Any CPU.Build.0 = Debug|Any CPU
		{32B45008-D50B-468A-A116-D85411CD0460}.Launch Server|Any CPU.ActiveCfg = Debug|Any CPU
		{32B45008-D50B-468A-A116-D85411CD0460}.Launch Server|Any CPU.Build.0 = Debug|Any CPU
		{32B45008-D50B-468A-A116-D85411CD0460}.Package|Any CPU.ActiveCfg = Package|Any CPU
		{32B45008-D50B-468A-A116-D85411CD0460}.Package|Any CPU.Build.0 = Package|Any CPU
		{32B45008-D50B-468A-A116-D85411CD0460}.Release|Any CPU.ActiveCfg = Release|Any CPU
		{32B45008-D50B-468A-A116-D85411CD0460}.Release|Any CPU.Build.0 = Release|Any CPU
		{32B45008-D50B-468A-A116-D85411CD0460}.Unit Test|Any CPU.ActiveCfg = Debug|Any CPU
		{32B45008-D50B-468A-A116-D85411CD0460}.Unit Test|Any CPU.Build.0 = Debug|Any CPU
	EndGlobalSection
	GlobalSection(SolutionProperties) = preSolution
		HideSolutionNode = FALSE
	EndGlobalSection
	GlobalSection(NestedProjects) = preSolution
		{998004B7-BD2C-4BA2-AFA0-CA026DCA49B1} = {8CC940C4-5A09-4485-B6A9-AECD74536CD1}
		{6CE6BFD0-709A-4E63-B62F-BCE6A019A601} = {8CC940C4-5A09-4485-B6A9-AECD74536CD1}
		{FA117C45-9B85-4C50-9D7D-E794306F03BD} = {07BB7BEC-6D2B-472F-8575-104B209EB1DA}
		{810BC9E8-F19A-45EA-8C3A-55BB3859F064} = {07BA249A-0514-4379-92D3-F00C7FD02B7D}
		{0BB53066-B8A1-4171-88C3-852E036D8F03} = {07BB7BEC-6D2B-472F-8575-104B209EB1DA}
		{203C366C-79A7-4844-B562-ADED19746989} = {07BA249A-0514-4379-92D3-F00C7FD02B7D}
		{32B45008-D50B-468A-A116-D85411CD0460} = {07BA249A-0514-4379-92D3-F00C7FD02B7D}
	EndGlobalSection
	GlobalSection(ExtensibilityGlobals) = postSolution
		SolutionGuid = {5575DE22-2C22-4A57-A873-E9E7F7E946DA}
	EndGlobalSection
EndGlobal
